{
    "name": "com.example.hello",
    "version": "1.0.0",
    "lockfileVersion": 1,
    "requires": true,
    "dependencies": {
        "cordova-plugin-splashscreen": {
            "version": "4.1.0",
            "resolved": "https://registry.npmjs.org/cordova-plugin-splashscreen/-/cordova-plugin-splashscreen-4.1.0.tgz",
            "integrity": "sha1-gQKKt2Q+YVWT0n8q0CRFYR8ZRrY="
        }
    }
}
